// !$*UTF8*$!
{
	archiveVersion = 1;
	classes = {
	};
	objectVersion = 56;
	objects = {

/* Begin PBXBuildFile section */
		FE80AA3B2A1B155B00592257 /* BannerView.swift in Sources */ = {isa = PBXBuildFile; fileRef = FE80AA3A2A1B155B00592257 /* BannerView.swift */; };
		FE80AA3D2A1B156000592257 /* ProfileView.swift in Sources */ = {isa = PBXBuildFile; fileRef = FE80AA3C2A1B156000592257 /* ProfileView.swift */; };
		FE80AA402A1FC83E00592257 /* FirebaseFirestore in Frameworks */ = {isa = PBXBuildFile; productRef = FE80AA3F2A1FC83E00592257 /* FirebaseFirestore */; };
		FE80AA8B2A23160D00592257 /* PomodoroTimerView.swift in Sources */ = {isa = PBXBuildFile; fileRef = FE80AA8A2A23160D00592257 /* PomodoroTimerView.swift */; };
		FE80AA8D2A2317CF00592257 /* PomodoroModel.swift in Sources */ = {isa = PBXBuildFile; fileRef = FE80AA8C2A2317CF00592257 /* PomodoroModel.swift */; };
		FE80AA8F2A231A9400592257 /* PomoView.swift in Sources */ = {isa = PBXBuildFile; fileRef = FE80AA8E2A231A9400592257 /* PomoView.swift */; };
		FEA29D662A19E74B006E9A2F /* TimeWiseApp.swift in Sources */ = {isa = PBXBuildFile; fileRef = FEA29D652A19E74B006E9A2F /* TimeWiseApp.swift */; };
		FEA29D682A19E74B006E9A2F /* ContentView.swift in Sources */ = {isa = PBXBuildFile; fileRef = FEA29D672A19E74B006E9A2F /* ContentView.swift */; };
		FEA29D6A2A19E74E006E9A2F /* Assets.xcassets in Resources */ = {isa = PBXBuildFile; fileRef = FEA29D692A19E74E006E9A2F /* Assets.xcassets */; };
		FEA29D6D2A19E74E006E9A2F /* Preview Assets.xcassets in Resources */ = {isa = PBXBuildFile; fileRef = FEA29D6C2A19E74E006E9A2F /* Preview Assets.xcassets */; };
		FEA29D6F2A19E74E006E9A2F /* Persistence.swift in Sources */ = {isa = PBXBuildFile; fileRef = FEA29D6E2A19E74E006E9A2F /* Persistence.swift */; };
		FEA29D722A19E74E006E9A2F /* TimeWise.xcdatamodeld in Sources */ = {isa = PBXBuildFile; fileRef = FEA29D702A19E74E006E9A2F /* TimeWise.xcdatamodeld */; };
		FEA29D7B2A19E7E2006E9A2F /* SplashScreenView.swift in Sources */ = {isa = PBXBuildFile; fileRef = FEA29D7A2A19E7E2006E9A2F /* SplashScreenView.swift */; };
		FEA29D7E2A19E80D006E9A2F /* NotificationHandler.swift in Sources */ = {isa = PBXBuildFile; fileRef = FEA29D7D2A19E80D006E9A2F /* NotificationHandler.swift */; };
		FEA29D862A19E8A9006E9A2F /* HomeView.swift in Sources */ = {isa = PBXBuildFile; fileRef = FEA29D852A19E8A9006E9A2F /* HomeView.swift */; };
		FEA29D882A19E8BD006E9A2F /* ProgressView.swift in Sources */ = {isa = PBXBuildFile; fileRef = FEA29D872A19E8BD006E9A2F /* ProgressView.swift */; };
		FEA29D8A2A19E8DC006E9A2F /* TaskListView.swift in Sources */ = {isa = PBXBuildFile; fileRef = FEA29D892A19E8DC006E9A2F /* TaskListView.swift */; };
		FEA29D8C2A19E8E7006E9A2F /* TaskCell.swift in Sources */ = {isa = PBXBuildFile; fileRef = FEA29D8B2A19E8E7006E9A2F /* TaskCell.swift */; };
		FEA29D8F2A19E8F8006E9A2F /* TaskEditView.swift in Sources */ = {isa = PBXBuildFile; fileRef = FEA29D8E2A19E8F8006E9A2F /* TaskEditView.swift */; };
		FEA29D912A19E903006E9A2F /* FloatingButton.swift in Sources */ = {isa = PBXBuildFile; fileRef = FEA29D902A19E903006E9A2F /* FloatingButton.swift */; };
		FEA29D932A19E910006E9A2F /* CheckBoxView.swift in Sources */ = {isa = PBXBuildFile; fileRef = FEA29D922A19E910006E9A2F /* CheckBoxView.swift */; };
		FEA29D972A19E971006E9A2F /* TaskItemExtension.swift in Sources */ = {isa = PBXBuildFile; fileRef = FEA29D962A19E971006E9A2F /* TaskItemExtension.swift */; };
		FEA29D992A19E97F006E9A2F /* DateHolder.swift in Sources */ = {isa = PBXBuildFile; fileRef = FEA29D982A19E97F006E9A2F /* DateHolder.swift */; };
		FEA29D9B2A19E9B8006E9A2F /* AccountView.swift in Sources */ = {isa = PBXBuildFile; fileRef = FEA29D9A2A19E9B8006E9A2F /* AccountView.swift */; };
		FEA29D9D2A19E9E0006E9A2F /* ContactUsView.swift in Sources */ = {isa = PBXBuildFile; fileRef = FEA29D9C2A19E9E0006E9A2F /* ContactUsView.swift */; };
		FEA29DA02A19E9F6006E9A2F /* ImagePicker.swift in Sources */ = {isa = PBXBuildFile; fileRef = FEA29D9F2A19E9F6006E9A2F /* ImagePicker.swift */; };
		FEA29DA22A19EA02006E9A2F /* ImageView.swift in Sources */ = {isa = PBXBuildFile; fileRef = FEA29DA12A19EA02006E9A2F /* ImageView.swift */; };
		FEA29DA52A19EBB0006E9A2F /* FirebaseAnalytics in Frameworks */ = {isa = PBXBuildFile; productRef = FEA29DA42A19EBB0006E9A2F /* FirebaseAnalytics */; };
		FEA29DA72A19EBB0006E9A2F /* FirebaseAuth in Frameworks */ = {isa = PBXBuildFile; productRef = FEA29DA62A19EBB0006E9A2F /* FirebaseAuth */; };
		FEA29DA92A19EBB0006E9A2F /* FirebaseDatabase in Frameworks */ = {isa = PBXBuildFile; productRef = FEA29DA82A19EBB0006E9A2F /* FirebaseDatabase */; };
		FEA29DAB2A19EBB0006E9A2F /* FirebaseDatabaseSwift in Frameworks */ = {isa = PBXBuildFile; productRef = FEA29DAA2A19EBB0006E9A2F /* FirebaseDatabaseSwift */; };
		FEA29DAD2A19EBB0006E9A2F /* FirebaseStorage in Frameworks */ = {isa = PBXBuildFile; productRef = FEA29DAC2A19EBB0006E9A2F /* FirebaseStorage */; };
		FEA29DAF2A19F1CB006E9A2F /* GoogleService-Info.plist in Resources */ = {isa = PBXBuildFile; fileRef = FEA29DAE2A19F1CB006E9A2F /* GoogleService-Info.plist */; };
		FEA29DB72A19F2F6006E9A2F /* PreviewLayoutComponentModifier.swift in Sources */ = {isa = PBXBuildFile; fileRef = FEA29DB62A19F2F6006E9A2F /* PreviewLayoutComponentModifier.swift */; };
		FEA29DB92A19F3B1006E9A2F /* CloseViewModifier.swift in Sources */ = {isa = PBXBuildFile; fileRef = FEA29DB82A19F3B1006E9A2F /* CloseViewModifier.swift */; };
		FEA29DBB2A19F3C7006E9A2F /* InputTextFieldView.swift in Sources */ = {isa = PBXBuildFile; fileRef = FEA29DBA2A19F3C7006E9A2F /* InputTextFieldView.swift */; };
		FEA29DBD2A19F3F1006E9A2F /* InputPasswordView.swift in Sources */ = {isa = PBXBuildFile; fileRef = FEA29DBC2A19F3F1006E9A2F /* InputPasswordView.swift */; };
		FEA29DBF2A19F400006E9A2F /* ButtonView.swift in Sources */ = {isa = PBXBuildFile; fileRef = FEA29DBE2A19F400006E9A2F /* ButtonView.swift */; };
		FEA29DC52A19F58F006E9A2F /* SessionService.swift in Sources */ = {isa = PBXBuildFile; fileRef = FEA29DC42A19F58F006E9A2F /* SessionService.swift */; };
		FEA29DC72A19F59F006E9A2F /* SessionUserDetails.swift in Sources */ = {isa = PBXBuildFile; fileRef = FEA29DC62A19F59F006E9A2F /* SessionUserDetails.swift */; };
		FEA29DC92A19F5B8006E9A2F /* ForgotPasswordViewModel.swift in Sources */ = {isa = PBXBuildFile; fileRef = FEA29DC82A19F5B8006E9A2F /* ForgotPasswordViewModel.swift */; };
		FEA29DCB2A19F5CD006E9A2F /* ForgotPasswordService.swift in Sources */ = {isa = PBXBuildFile; fileRef = FEA29DCA2A19F5CD006E9A2F /* ForgotPasswordService.swift */; };
		FEA29DCD2A19F5DB006E9A2F /* ForgotPasswordView.swift in Sources */ = {isa = PBXBuildFile; fileRef = FEA29DCC2A19F5DB006E9A2F /* ForgotPasswordView.swift */; };
		FEA29DCF2A19F606006E9A2F /* RegistrationViewModel.swift in Sources */ = {isa = PBXBuildFile; fileRef = FEA29DCE2A19F606006E9A2F /* RegistrationViewModel.swift */; };
		FEA29DD12A19F61C006E9A2F /* RegistrationService.swift in Sources */ = {isa = PBXBuildFile; fileRef = FEA29DD02A19F61C006E9A2F /* RegistrationService.swift */; };
		FEA29DD32A19F635006E9A2F /* RegistrationDetails.swift in Sources */ = {isa = PBXBuildFile; fileRef = FEA29DD22A19F635006E9A2F /* RegistrationDetails.swift */; };
		FEA29DD52A19F64B006E9A2F /* RegisterView.swift in Sources */ = {isa = PBXBuildFile; fileRef = FEA29DD42A19F64B006E9A2F /* RegisterView.swift */; };
		FEA29DD72A19F667006E9A2F /* LoginViewModel.swift in Sources */ = {isa = PBXBuildFile; fileRef = FEA29DD62A19F667006E9A2F /* LoginViewModel.swift */; };
		FEA29DD92A19F67A006E9A2F /* LoginService.swift in Sources */ = {isa = PBXBuildFile; fileRef = FEA29DD82A19F67A006E9A2F /* LoginService.swift */; };
		FEA29DDB2A19F689006E9A2F /* LoginCredentials.swift in Sources */ = {isa = PBXBuildFile; fileRef = FEA29DDA2A19F689006E9A2F /* LoginCredentials.swift */; };
		FEA29DDD2A19F6AA006E9A2F /* LoginView.swift in Sources */ = {isa = PBXBuildFile; fileRef = FEA29DDC2A19F6AA006E9A2F /* LoginView.swift */; };
/* End PBXBuildFile section */

/* Begin PBXFileReference section */
		FE80AA3A2A1B155B00592257 /* BannerView.swift */ = {isa = PBXFileReference; lastKnownFileType = sourcecode.swift; path = BannerView.swift; sourceTree = "<group>"; };
		FE80AA3C2A1B156000592257 /* ProfileView.swift */ = {isa = PBXFileReference; lastKnownFileType = sourcecode.swift; path = ProfileView.swift; sourceTree = "<group>"; };
		FE80AA8A2A23160D00592257 /* PomodoroTimerView.swift */ = {isa = PBXFileReference; lastKnownFileType = sourcecode.swift; path = PomodoroTimerView.swift; sourceTree = "<group>"; };
		FE80AA8C2A2317CF00592257 /* PomodoroModel.swift */ = {isa = PBXFileReference; lastKnownFileType = sourcecode.swift; path = PomodoroModel.swift; sourceTree = "<group>"; };
		FE80AA8E2A231A9400592257 /* PomoView.swift */ = {isa = PBXFileReference; lastKnownFileType = sourcecode.swift; path = PomoView.swift; sourceTree = "<group>"; };
		FEA29D622A19E74B006E9A2F /* TimeWise.app */ = {isa = PBXFileReference; explicitFileType = wrapper.application; includeInIndex = 0; path = TimeWise.app; sourceTree = BUILT_PRODUCTS_DIR; };
		FEA29D652A19E74B006E9A2F /* TimeWiseApp.swift */ = {isa = PBXFileReference; lastKnownFileType = sourcecode.swift; path = TimeWiseApp.swift; sourceTree = "<group>"; };
		FEA29D672A19E74B006E9A2F /* ContentView.swift */ = {isa = PBXFileReference; lastKnownFileType = sourcecode.swift; path = ContentView.swift; sourceTree = "<group>"; };
		FEA29D692A19E74E006E9A2F /* Assets.xcassets */ = {isa = PBXFileReference; lastKnownFileType = folder.assetcatalog; path = Assets.xcassets; sourceTree = "<group>"; };
		FEA29D6C2A19E74E006E9A2F /* Preview Assets.xcassets */ = {isa = PBXFileReference; lastKnownFileType = folder.assetcatalog; path = "Preview Assets.xcassets"; sourceTree = "<group>"; };
		FEA29D6E2A19E74E006E9A2F /* Persistence.swift */ = {isa = PBXFileReference; lastKnownFileType = sourcecode.swift; path = Persistence.swift; sourceTree = "<group>"; };
		FEA29D712A19E74E006E9A2F /* TimeWise.xcdatamodel */ = {isa = PBXFileReference; lastKnownFileType = wrapper.xcdatamodel; path = TimeWise.xcdatamodel; sourceTree = "<group>"; };
		FEA29D732A19E74E006E9A2F /* Info.plist */ = {isa = PBXFileReference; lastKnownFileType = text.plist.xml; path = Info.plist; sourceTree = "<group>"; };
		FEA29D7A2A19E7E2006E9A2F /* SplashScreenView.swift */ = {isa = PBXFileReference; lastKnownFileType = sourcecode.swift; path = SplashScreenView.swift; sourceTree = "<group>"; };
		FEA29D7D2A19E80D006E9A2F /* NotificationHandler.swift */ = {isa = PBXFileReference; lastKnownFileType = sourcecode.swift; path = NotificationHandler.swift; sourceTree = "<group>"; };
		FEA29D852A19E8A9006E9A2F /* HomeView.swift */ = {isa = PBXFileReference; lastKnownFileType = sourcecode.swift; name = HomeView.swift; path = "TimeWise/App Components/Home/HomeView.swift"; sourceTree = SOURCE_ROOT; };
		FEA29D872A19E8BD006E9A2F /* ProgressView.swift */ = {isa = PBXFileReference; lastKnownFileType = sourcecode.swift; path = ProgressView.swift; sourceTree = "<group>"; };
		FEA29D892A19E8DC006E9A2F /* TaskListView.swift */ = {isa = PBXFileReference; lastKnownFileType = sourcecode.swift; path = TaskListView.swift; sourceTree = "<group>"; };
		FEA29D8B2A19E8E7006E9A2F /* TaskCell.swift */ = {isa = PBXFileReference; lastKnownFileType = sourcecode.swift; path = TaskCell.swift; sourceTree = "<group>"; };
		FEA29D8E2A19E8F8006E9A2F /* TaskEditView.swift */ = {isa = PBXFileReference; lastKnownFileType = sourcecode.swift; path = TaskEditView.swift; sourceTree = "<group>"; };
		FEA29D902A19E903006E9A2F /* FloatingButton.swift */ = {isa = PBXFileReference; lastKnownFileType = sourcecode.swift; path = FloatingButton.swift; sourceTree = "<group>"; };
		FEA29D922A19E910006E9A2F /* CheckBoxView.swift */ = {isa = PBXFileReference; lastKnownFileType = sourcecode.swift; path = CheckBoxView.swift; sourceTree = "<group>"; };
		FEA29D962A19E971006E9A2F /* TaskItemExtension.swift */ = {isa = PBXFileReference; lastKnownFileType = sourcecode.swift; path = TaskItemExtension.swift; sourceTree = "<group>"; };
		FEA29D982A19E97F006E9A2F /* DateHolder.swift */ = {isa = PBXFileReference; lastKnownFileType = sourcecode.swift; path = DateHolder.swift; sourceTree = "<group>"; };
		FEA29D9A2A19E9B8006E9A2F /* AccountView.swift */ = {isa = PBXFileReference; lastKnownFileType = sourcecode.swift; path = AccountView.swift; sourceTree = "<group>"; };
		FEA29D9C2A19E9E0006E9A2F /* ContactUsView.swift */ = {isa = PBXFileReference; lastKnownFileType = sourcecode.swift; path = ContactUsView.swift; sourceTree = "<group>"; };
		FEA29D9F2A19E9F6006E9A2F /* ImagePicker.swift */ = {isa = PBXFileReference; lastKnownFileType = sourcecode.swift; path = ImagePicker.swift; sourceTree = "<group>"; };
		FEA29DA12A19EA02006E9A2F /* ImageView.swift */ = {isa = PBXFileReference; lastKnownFileType = sourcecode.swift; path = ImageView.swift; sourceTree = "<group>"; };
		FEA29DAE2A19F1CB006E9A2F /* GoogleService-Info.plist */ = {isa = PBXFileReference; fileEncoding = 4; lastKnownFileType = text.plist.xml; path = "GoogleService-Info.plist"; sourceTree = "<group>"; };
		FEA29DB62A19F2F6006E9A2F /* PreviewLayoutComponentModifier.swift */ = {isa = PBXFileReference; lastKnownFileType = sourcecode.swift; path = PreviewLayoutComponentModifier.swift; sourceTree = "<group>"; };
		FEA29DB82A19F3B1006E9A2F /* CloseViewModifier.swift */ = {isa = PBXFileReference; lastKnownFileType = sourcecode.swift; path = CloseViewModifier.swift; sourceTree = "<group>"; };
		FEA29DBA2A19F3C7006E9A2F /* InputTextFieldView.swift */ = {isa = PBXFileReference; lastKnownFileType = sourcecode.swift; path = InputTextFieldView.swift; sourceTree = "<group>"; };
		FEA29DBC2A19F3F1006E9A2F /* InputPasswordView.swift */ = {isa = PBXFileReference; lastKnownFileType = sourcecode.swift; path = InputPasswordView.swift; sourceTree = "<group>"; };
		FEA29DBE2A19F400006E9A2F /* ButtonView.swift */ = {isa = PBXFileReference; lastKnownFileType = sourcecode.swift; path = ButtonView.swift; sourceTree = "<group>"; };
		FEA29DC42A19F58F006E9A2F /* SessionService.swift */ = {isa = PBXFileReference; lastKnownFileType = sourcecode.swift; path = SessionService.swift; sourceTree = "<group>"; };
		FEA29DC62A19F59F006E9A2F /* SessionUserDetails.swift */ = {isa = PBXFileReference; lastKnownFileType = sourcecode.swift; path = SessionUserDetails.swift; sourceTree = "<group>"; };
		FEA29DC82A19F5B8006E9A2F /* ForgotPasswordViewModel.swift */ = {isa = PBXFileReference; lastKnownFileType = sourcecode.swift; path = ForgotPasswordViewModel.swift; sourceTree = "<group>"; };
		FEA29DCA2A19F5CD006E9A2F /* ForgotPasswordService.swift */ = {isa = PBXFileReference; lastKnownFileType = sourcecode.swift; path = ForgotPasswordService.swift; sourceTree = "<group>"; };
		FEA29DCC2A19F5DB006E9A2F /* ForgotPasswordView.swift */ = {isa = PBXFileReference; lastKnownFileType = sourcecode.swift; path = ForgotPasswordView.swift; sourceTree = "<group>"; };
		FEA29DCE2A19F606006E9A2F /* RegistrationViewModel.swift */ = {isa = PBXFileReference; lastKnownFileType = sourcecode.swift; path = RegistrationViewModel.swift; sourceTree = "<group>"; };
		FEA29DD02A19F61C006E9A2F /* RegistrationService.swift */ = {isa = PBXFileReference; lastKnownFileType = sourcecode.swift; path = RegistrationService.swift; sourceTree = "<group>"; };
		FEA29DD22A19F635006E9A2F /* RegistrationDetails.swift */ = {isa = PBXFileReference; lastKnownFileType = sourcecode.swift; path = RegistrationDetails.swift; sourceTree = "<group>"; };
		FEA29DD42A19F64B006E9A2F /* RegisterView.swift */ = {isa = PBXFileReference; lastKnownFileType = sourcecode.swift; path = RegisterView.swift; sourceTree = "<group>"; };
		FEA29DD62A19F667006E9A2F /* LoginViewModel.swift */ = {isa = PBXFileReference; lastKnownFileType = sourcecode.swift; path = LoginViewModel.swift; sourceTree = "<group>"; };
		FEA29DD82A19F67A006E9A2F /* LoginService.swift */ = {isa = PBXFileReference; lastKnownFileType = sourcecode.swift; path = LoginService.swift; sourceTree = "<group>"; };
		FEA29DDA2A19F689006E9A2F /* LoginCredentials.swift */ = {isa = PBXFileReference; lastKnownFileType = sourcecode.swift; path = LoginCredentials.swift; sourceTree = "<group>"; };
		FEA29DDC2A19F6AA006E9A2F /* LoginView.swift */ = {isa = PBXFileReference; lastKnownFileType = sourcecode.swift; path = LoginView.swift; sourceTree = "<group>"; };
/* End PBXFileReference section */

/* Begin PBXFrameworksBuildPhase section */
		FEA29D5F2A19E74B006E9A2F /* Frameworks */ = {
			isa = PBXFrameworksBuildPhase;
			buildActionMask = 2147483647;
			files = (
				FEA29DAB2A19EBB0006E9A2F /* FirebaseDatabaseSwift in Frameworks */,
				FEA29DA92A19EBB0006E9A2F /* FirebaseDatabase in Frameworks */,
				FEA29DA52A19EBB0006E9A2F /* FirebaseAnalytics in Frameworks */,
				FEA29DAD2A19EBB0006E9A2F /* FirebaseStorage in Frameworks */,
				FEA29DA72A19EBB0006E9A2F /* FirebaseAuth in Frameworks */,
				FE80AA402A1FC83E00592257 /* FirebaseFirestore in Frameworks */,
			);
			runOnlyForDeploymentPostprocessing = 0;
		};
/* End PBXFrameworksBuildPhase section */

/* Begin PBXGroup section */
		FE80AA392A1B105600592257 /* Home */ = {
			isa = PBXGroup;
			children = (
				FEA29D852A19E8A9006E9A2F /* HomeView.swift */,
				FE80AA892A2315F700592257 /* PomodoroTimer */,
			);
			path = Home;
			sourceTree = "<group>";
		};
		FE80AA3E2A1FC83E00592257 /* Frameworks */ = {
			isa = PBXGroup;
			children = (
			);
			name = Frameworks;
			sourceTree = "<group>";
		};
		FE80AA892A2315F700592257 /* PomodoroTimer */ = {
			isa = PBXGroup;
			children = (
				FE80AA8A2A23160D00592257 /* PomodoroTimerView.swift */,
				FE80AA8C2A2317CF00592257 /* PomodoroModel.swift */,
				FE80AA8E2A231A9400592257 /* PomoView.swift */,
			);
			path = PomodoroTimer;
			sourceTree = "<group>";
		};
		FEA29D592A19E74B006E9A2F = {
			isa = PBXGroup;
			children = (
				FEA29D642A19E74B006E9A2F /* TimeWise */,
				FEA29D632A19E74B006E9A2F /* Products */,
				FE80AA3E2A1FC83E00592257 /* Frameworks */,
			);
			sourceTree = "<group>";
		};
		FEA29D632A19E74B006E9A2F /* Products */ = {
			isa = PBXGroup;
			children = (
				FEA29D622A19E74B006E9A2F /* TimeWise.app */,
			);
			name = Products;
			sourceTree = "<group>";
		};
		FEA29D642A19E74B006E9A2F /* TimeWise */ = {
			isa = PBXGroup;
			children = (
				FEA29D652A19E74B006E9A2F /* TimeWiseApp.swift */,
				FEA29D7A2A19E7E2006E9A2F /* SplashScreenView.swift */,
				FEA29D672A19E74B006E9A2F /* ContentView.swift */,
				FEA29D7C2A19E7FC006E9A2F /* Handlers */,
				FEA29D7F2A19E817006E9A2F /* App Components */,
				FEA29D6E2A19E74E006E9A2F /* Persistence.swift */,
				FEA29D692A19E74E006E9A2F /* Assets.xcassets */,
				FEA29D732A19E74E006E9A2F /* Info.plist */,
				FEA29D702A19E74E006E9A2F /* TimeWise.xcdatamodeld */,
				FEA29DAE2A19F1CB006E9A2F /* GoogleService-Info.plist */,
				FEA29D6B2A19E74E006E9A2F /* Preview Content */,
			);
			path = TimeWise;
			sourceTree = "<group>";
		};
		FEA29D6B2A19E74E006E9A2F /* Preview Content */ = {
			isa = PBXGroup;
			children = (
				FEA29D6C2A19E74E006E9A2F /* Preview Assets.xcassets */,
			);
			path = "Preview Content";
			sourceTree = "<group>";
		};
		FEA29D7C2A19E7FC006E9A2F /* Handlers */ = {
			isa = PBXGroup;
			children = (
				FEA29D7D2A19E80D006E9A2F /* NotificationHandler.swift */,
			);
			path = Handlers;
			sourceTree = "<group>";
		};
		FEA29D7F2A19E817006E9A2F /* App Components */ = {
			isa = PBXGroup;
			children = (
				FEA29D802A19E82E006E9A2F /* Login */,
				FE80AA392A1B105600592257 /* Home */,
				FEA29D812A19E833006E9A2F /* Progress */,
				FEA29D822A19E849006E9A2F /* Task List */,
				FEA29D842A19E864006E9A2F /* Account */,
			);
			path = "App Components";
			sourceTree = "<group>";
		};
		FEA29D802A19E82E006E9A2F /* Login */ = {
			isa = PBXGroup;
			children = (
				FEA29DB32A19F2D8006E9A2F /* Base */,
				FEA29DB22A19F2CE006E9A2F /* Features */,
			);
			path = Login;
			sourceTree = "<group>";
		};
		FEA29D812A19E833006E9A2F /* Progress */ = {
			isa = PBXGroup;
			children = (
				FEA29D872A19E8BD006E9A2F /* ProgressView.swift */,
			);
			path = Progress;
			sourceTree = "<group>";
		};
		FEA29D822A19E849006E9A2F /* Task List */ = {
			isa = PBXGroup;
			children = (
				FEA29D8D2A19E8EE006E9A2F /* Views */,
				FEA29D952A19E91E006E9A2F /* Extensions */,
				FEA29D942A19E91B006E9A2F /* Models */,
			);
			path = "Task List";
			sourceTree = "<group>";
		};
		FEA29D842A19E864006E9A2F /* Account */ = {
			isa = PBXGroup;
			children = (
				FEA29D9A2A19E9B8006E9A2F /* AccountView.swift */,
				FEA29D9C2A19E9E0006E9A2F /* ContactUsView.swift */,
				FEA29D9E2A19E9E8006E9A2F /* Image and Banner */,
			);
			path = Account;
			sourceTree = "<group>";
		};
		FEA29D8D2A19E8EE006E9A2F /* Views */ = {
			isa = PBXGroup;
			children = (
				FEA29D892A19E8DC006E9A2F /* TaskListView.swift */,
				FEA29D8B2A19E8E7006E9A2F /* TaskCell.swift */,
				FEA29D8E2A19E8F8006E9A2F /* TaskEditView.swift */,
				FEA29D902A19E903006E9A2F /* FloatingButton.swift */,
				FEA29D922A19E910006E9A2F /* CheckBoxView.swift */,
			);
			path = Views;
			sourceTree = "<group>";
		};
		FEA29D942A19E91B006E9A2F /* Models */ = {
			isa = PBXGroup;
			children = (
				FEA29D982A19E97F006E9A2F /* DateHolder.swift */,
			);
			path = Models;
			sourceTree = "<group>";
		};
		FEA29D952A19E91E006E9A2F /* Extensions */ = {
			isa = PBXGroup;
			children = (
				FEA29D962A19E971006E9A2F /* TaskItemExtension.swift */,
			);
			path = Extensions;
			sourceTree = "<group>";
		};
		FEA29D9E2A19E9E8006E9A2F /* Image and Banner */ = {
			isa = PBXGroup;
			children = (
				FEA29D9F2A19E9F6006E9A2F /* ImagePicker.swift */,
				FEA29DA12A19EA02006E9A2F /* ImageView.swift */,
				FE80AA3A2A1B155B00592257 /* BannerView.swift */,
				FE80AA3C2A1B156000592257 /* ProfileView.swift */,
			);
			path = "Image and Banner";
			sourceTree = "<group>";
		};
		FEA29DB22A19F2CE006E9A2F /* Features */ = {
			isa = PBXGroup;
			children = (
				FEA29DC32A19F572006E9A2F /* Session */,
				FEA29DC22A19F56B006E9A2F /* Forgot Password */,
				FEA29DC12A19F423006E9A2F /* Register */,
				FEA29DC02A19F421006E9A2F /* Login */,
			);
			path = Features;
			sourceTree = "<group>";
		};
		FEA29DB32A19F2D8006E9A2F /* Base */ = {
			isa = PBXGroup;
			children = (
				FEA29DB52A19F2E4006E9A2F /* Modifiers */,
				FEA29DB42A19F2E1006E9A2F /* Views */,
			);
			path = Base;
			sourceTree = "<group>";
		};
		FEA29DB42A19F2E1006E9A2F /* Views */ = {
			isa = PBXGroup;
			children = (
				FEA29DBA2A19F3C7006E9A2F /* InputTextFieldView.swift */,
				FEA29DBC2A19F3F1006E9A2F /* InputPasswordView.swift */,
				FEA29DBE2A19F400006E9A2F /* ButtonView.swift */,
			);
			path = Views;
			sourceTree = "<group>";
		};
		FEA29DB52A19F2E4006E9A2F /* Modifiers */ = {
			isa = PBXGroup;
			children = (
				FEA29DB62A19F2F6006E9A2F /* PreviewLayoutComponentModifier.swift */,
				FEA29DB82A19F3B1006E9A2F /* CloseViewModifier.swift */,
			);
			path = Modifiers;
			sourceTree = "<group>";
		};
		FEA29DC02A19F421006E9A2F /* Login */ = {
			isa = PBXGroup;
			children = (
				FEA29DD62A19F667006E9A2F /* LoginViewModel.swift */,
				FEA29DD82A19F67A006E9A2F /* LoginService.swift */,
				FEA29DDA2A19F689006E9A2F /* LoginCredentials.swift */,
				FEA29DDC2A19F6AA006E9A2F /* LoginView.swift */,
			);
			path = Login;
			sourceTree = "<group>";
		};
		FEA29DC12A19F423006E9A2F /* Register */ = {
			isa = PBXGroup;
			children = (
				FEA29DCE2A19F606006E9A2F /* RegistrationViewModel.swift */,
				FEA29DD02A19F61C006E9A2F /* RegistrationService.swift */,
				FEA29DD22A19F635006E9A2F /* RegistrationDetails.swift */,
				FEA29DD42A19F64B006E9A2F /* RegisterView.swift */,
			);
			path = Register;
			sourceTree = "<group>";
		};
		FEA29DC22A19F56B006E9A2F /* Forgot Password */ = {
			isa = PBXGroup;
			children = (
				FEA29DC82A19F5B8006E9A2F /* ForgotPasswordViewModel.swift */,
				FEA29DCA2A19F5CD006E9A2F /* ForgotPasswordService.swift */,
				FEA29DCC2A19F5DB006E9A2F /* ForgotPasswordView.swift */,
			);
			path = "Forgot Password";
			sourceTree = "<group>";
		};
		FEA29DC32A19F572006E9A2F /* Session */ = {
			isa = PBXGroup;
			children = (
				FEA29DC42A19F58F006E9A2F /* SessionService.swift */,
				FEA29DC62A19F59F006E9A2F /* SessionUserDetails.swift */,
			);
			path = Session;
			sourceTree = "<group>";
		};
/* End PBXGroup section */

/* Begin PBXNativeTarget section */
		FEA29D612A19E74B006E9A2F /* TimeWise */ = {
			isa = PBXNativeTarget;
			buildConfigurationList = FEA29D762A19E74E006E9A2F /* Build configuration list for PBXNativeTarget "TimeWise" */;
			buildPhases = (
				FEA29D5E2A19E74B006E9A2F /* Sources */,
				FEA29D5F2A19E74B006E9A2F /* Frameworks */,
				FEA29D602A19E74B006E9A2F /* Resources */,
			);
			buildRules = (
			);
			dependencies = (
			);
			name = TimeWise;
			packageProductDependencies = (
				FEA29DA42A19EBB0006E9A2F /* FirebaseAnalytics */,
				FEA29DA62A19EBB0006E9A2F /* FirebaseAuth */,
				FEA29DA82A19EBB0006E9A2F /* FirebaseDatabase */,
				FEA29DAA2A19EBB0006E9A2F /* FirebaseDatabaseSwift */,
				FEA29DAC2A19EBB0006E9A2F /* FirebaseStorage */,
				FE80AA3F2A1FC83E00592257 /* FirebaseFirestore */,
			);
			productName = TimeWise;
			productReference = FEA29D622A19E74B006E9A2F /* TimeWise.app */;
			productType = "com.apple.product-type.application";
		};
/* End PBXNativeTarget section */

/* Begin PBXProject section */
		FEA29D5A2A19E74B006E9A2F /* Project object */ = {
			isa = PBXProject;
			attributes = {
				BuildIndependentTargetsInParallel = 1;
				LastSwiftUpdateCheck = 1430;
				LastUpgradeCheck = 1430;
				TargetAttributes = {
					FEA29D612A19E74B006E9A2F = {
						CreatedOnToolsVersion = 14.3;
					};
				};
			};
			buildConfigurationList = FEA29D5D2A19E74B006E9A2F /* Build configuration list for PBXProject "TimeWise" */;
			compatibilityVersion = "Xcode 14.0";
			developmentRegion = en;
			hasScannedForEncodings = 0;
			knownRegions = (
				en,
				Base,
			);
			mainGroup = FEA29D592A19E74B006E9A2F;
			packageReferences = (
				FEA29DA32A19EBB0006E9A2F /* XCRemoteSwiftPackageReference "firebase-ios-sdk" */,
			);
			productRefGroup = FEA29D632A19E74B006E9A2F /* Products */;
			projectDirPath = "";
			projectRoot = "";
			targets = (
				FEA29D612A19E74B006E9A2F /* TimeWise */,
			);
		};
/* End PBXProject section */

/* Begin PBXResourcesBuildPhase section */
		FEA29D602A19E74B006E9A2F /* Resources */ = {
			isa = PBXResourcesBuildPhase;
			buildActionMask = 2147483647;
			files = (
				FEA29D6D2A19E74E006E9A2F /* Preview Assets.xcassets in Resources */,
				FEA29D6A2A19E74E006E9A2F /* Assets.xcassets in Resources */,
				FEA29DAF2A19F1CB006E9A2F /* GoogleService-Info.plist in Resources */,
			);
			runOnlyForDeploymentPostprocessing = 0;
		};
/* End PBXResourcesBuildPhase section */

/* Begin PBXSourcesBuildPhase section */
		FEA29D5E2A19E74B006E9A2F /* Sources */ = {
			isa = PBXSourcesBuildPhase;
			buildActionMask = 2147483647;
			files = (
				FEA29DDB2A19F689006E9A2F /* LoginCredentials.swift in Sources */,
				FE80AA3D2A1B156000592257 /* ProfileView.swift in Sources */,
				FEA29DD52A19F64B006E9A2F /* RegisterView.swift in Sources */,
				FE80AA8F2A231A9400592257 /* PomoView.swift in Sources */,
				FE80AA3B2A1B155B00592257 /* BannerView.swift in Sources */,
				FEA29DC72A19F59F006E9A2F /* SessionUserDetails.swift in Sources */,
				FEA29D722A19E74E006E9A2F /* TimeWise.xcdatamodeld in Sources */,
				FEA29DA22A19EA02006E9A2F /* ImageView.swift in Sources */,
				FEA29DBF2A19F400006E9A2F /* ButtonView.swift in Sources */,
				FEA29D862A19E8A9006E9A2F /* HomeView.swift in Sources */,
				FEA29D8A2A19E8DC006E9A2F /* TaskListView.swift in Sources */,
				FEA29DA02A19E9F6006E9A2F /* ImagePicker.swift in Sources */,
				FEA29D7E2A19E80D006E9A2F /* NotificationHandler.swift in Sources */,
				FE80AA8D2A2317CF00592257 /* PomodoroModel.swift in Sources */,
				FEA29D9B2A19E9B8006E9A2F /* AccountView.swift in Sources */,
				FE80AA8B2A23160D00592257 /* PomodoroTimerView.swift in Sources */,
				FEA29DD72A19F667006E9A2F /* LoginViewModel.swift in Sources */,
				FEA29DCD2A19F5DB006E9A2F /* ForgotPasswordView.swift in Sources */,
				FEA29DDD2A19F6AA006E9A2F /* LoginView.swift in Sources */,
				FEA29D8C2A19E8E7006E9A2F /* TaskCell.swift in Sources */,
				FEA29D6F2A19E74E006E9A2F /* Persistence.swift in Sources */,
				FEA29D7B2A19E7E2006E9A2F /* SplashScreenView.swift in Sources */,
				FEA29DC52A19F58F006E9A2F /* SessionService.swift in Sources */,
				FEA29DD12A19F61C006E9A2F /* RegistrationService.swift in Sources */,
				FEA29D992A19E97F006E9A2F /* DateHolder.swift in Sources */,
				FEA29D9D2A19E9E0006E9A2F /* ContactUsView.swift in Sources */,
				FEA29DC92A19F5B8006E9A2F /* ForgotPasswordViewModel.swift in Sources */,
				FEA29D8F2A19E8F8006E9A2F /* TaskEditView.swift in Sources */,
				FEA29D882A19E8BD006E9A2F /* ProgressView.swift in Sources */,
				FEA29D972A19E971006E9A2F /* TaskItemExtension.swift in Sources */,
				FEA29DD32A19F635006E9A2F /* RegistrationDetails.swift in Sources */,
				FEA29DBB2A19F3C7006E9A2F /* InputTextFieldView.swift in Sources */,
				FEA29D932A19E910006E9A2F /* CheckBoxView.swift in Sources */,
				FEA29D682A19E74B006E9A2F /* ContentView.swift in Sources */,
				FEA29DD92A19F67A006E9A2F /* LoginService.swift in Sources */,
				FEA29DB72A19F2F6006E9A2F /* PreviewLayoutComponentModifier.swift in Sources */,
				FEA29DB92A19F3B1006E9A2F /* CloseViewModifier.swift in Sources */,
				FEA29DCF2A19F606006E9A2F /* RegistrationViewModel.swift in Sources */,
				FEA29DBD2A19F3F1006E9A2F /* InputPasswordView.swift in Sources */,
				FEA29D662A19E74B006E9A2F /* TimeWiseApp.swift in Sources */,
				FEA29D912A19E903006E9A2F /* FloatingButton.swift in Sources */,
				FEA29DCB2A19F5CD006E9A2F /* ForgotPasswordService.swift in Sources */,
			);
			runOnlyForDeploymentPostprocessing = 0;
		};
/* End PBXSourcesBuildPhase section */

/* Begin XCBuildConfiguration section */
		FEA29D742A19E74E006E9A2F /* Debug */ = {
			isa = XCBuildConfiguration;
			buildSettings = {
				ALWAYS_SEARCH_USER_PATHS = NO;
				CLANG_ANALYZER_NONNULL = YES;
				CLANG_ANALYZER_NUMBER_OBJECT_CONVERSION = YES_AGGRESSIVE;
				CLANG_CXX_LANGUAGE_STANDARD = "gnu++20";
				CLANG_ENABLE_MODULES = YES;
				CLANG_ENABLE_OBJC_ARC = YES;
				CLANG_ENABLE_OBJC_WEAK = YES;
				CLANG_WARN_BLOCK_CAPTURE_AUTORELEASING = YES;
				CLANG_WARN_BOOL_CONVERSION = YES;
				CLANG_WARN_COMMA = YES;
				CLANG_WARN_CONSTANT_CONVERSION = YES;
				CLANG_WARN_DEPRECATED_OBJC_IMPLEMENTATIONS = YES;
				CLANG_WARN_DIRECT_OBJC_ISA_USAGE = YES_ERROR;
				CLANG_WARN_DOCUMENTATION_COMMENTS = YES;
				CLANG_WARN_EMPTY_BODY = YES;
				CLANG_WARN_ENUM_CONVERSION = YES;
				CLANG_WARN_INFINITE_RECURSION = YES;
				CLANG_WARN_INT_CONVERSION = YES;
				CLANG_WARN_NON_LITERAL_NULL_CONVERSION = YES;
				CLANG_WARN_OBJC_IMPLICIT_RETAIN_SELF = YES;
				CLANG_WARN_OBJC_LITERAL_CONVERSION = YES;
				CLANG_WARN_OBJC_ROOT_CLASS = YES_ERROR;
				CLANG_WARN_QUOTED_INCLUDE_IN_FRAMEWORK_HEADER = YES;
				CLANG_WARN_RANGE_LOOP_ANALYSIS = YES;
				CLANG_WARN_STRICT_PROTOTYPES = YES;
				CLANG_WARN_SUSPICIOUS_MOVE = YES;
				CLANG_WARN_UNGUARDED_AVAILABILITY = YES_AGGRESSIVE;
				CLANG_WARN_UNREACHABLE_CODE = YES;
				CLANG_WARN__DUPLICATE_METHOD_MATCH = YES;
				COPY_PHASE_STRIP = NO;
				DEBUG_INFORMATION_FORMAT = dwarf;
				ENABLE_STRICT_OBJC_MSGSEND = YES;
				ENABLE_TESTABILITY = YES;
				GCC_C_LANGUAGE_STANDARD = gnu11;
				GCC_DYNAMIC_NO_PIC = NO;
				GCC_NO_COMMON_BLOCKS = YES;
				GCC_OPTIMIZATION_LEVEL = 0;
				GCC_PREPROCESSOR_DEFINITIONS = (
					"DEBUG=1",
					"$(inherited)",
				);
				GCC_WARN_64_TO_32_BIT_CONVERSION = YES;
				GCC_WARN_ABOUT_RETURN_TYPE = YES_ERROR;
				GCC_WARN_UNDECLARED_SELECTOR = YES;
				GCC_WARN_UNINITIALIZED_AUTOS = YES_AGGRESSIVE;
				GCC_WARN_UNUSED_FUNCTION = YES;
				GCC_WARN_UNUSED_VARIABLE = YES;
				IPHONEOS_DEPLOYMENT_TARGET = 16.4;
				MTL_ENABLE_DEBUG_INFO = INCLUDE_SOURCE;
				MTL_FAST_MATH = YES;
				ONLY_ACTIVE_ARCH = YES;
				SDKROOT = iphoneos;
				SWIFT_ACTIVE_COMPILATION_CONDITIONS = DEBUG;
				SWIFT_OPTIMIZATION_LEVEL = "-Onone";
			};
			name = Debug;
		};
		FEA29D752A19E74E006E9A2F /* Release */ = {
			isa = XCBuildConfiguration;
			buildSettings = {
				ALWAYS_SEARCH_USER_PATHS = NO;
				CLANG_ANALYZER_NONNULL = YES;
				CLANG_ANALYZER_NUMBER_OBJECT_CONVERSION = YES_AGGRESSIVE;
				CLANG_CXX_LANGUAGE_STANDARD = "gnu++20";
				CLANG_ENABLE_MODULES = YES;
				CLANG_ENABLE_OBJC_ARC = YES;
				CLANG_ENABLE_OBJC_WEAK = YES;
				CLANG_WARN_BLOCK_CAPTURE_AUTORELEASING = YES;
				CLANG_WARN_BOOL_CONVERSION = YES;
				CLANG_WARN_COMMA = YES;
				CLANG_WARN_CONSTANT_CONVERSION = YES;
				CLANG_WARN_DEPRECATED_OBJC_IMPLEMENTATIONS = YES;
				CLANG_WARN_DIRECT_OBJC_ISA_USAGE = YES_ERROR;
				CLANG_WARN_DOCUMENTATION_COMMENTS = YES;
				CLANG_WARN_EMPTY_BODY = YES;
				CLANG_WARN_ENUM_CONVERSION = YES;
				CLANG_WARN_INFINITE_RECURSION = YES;
				CLANG_WARN_INT_CONVERSION = YES;
				CLANG_WARN_NON_LITERAL_NULL_CONVERSION = YES;
				CLANG_WARN_OBJC_IMPLICIT_RETAIN_SELF = YES;
				CLANG_WARN_OBJC_LITERAL_CONVERSION = YES;
				CLANG_WARN_OBJC_ROOT_CLASS = YES_ERROR;
				CLANG_WARN_QUOTED_INCLUDE_IN_FRAMEWORK_HEADER = YES;
				CLANG_WARN_RANGE_LOOP_ANALYSIS = YES;
				CLANG_WARN_STRICT_PROTOTYPES = YES;
				CLANG_WARN_SUSPICIOUS_MOVE = YES;
				CLANG_WARN_UNGUARDED_AVAILABILITY = YES_AGGRESSIVE;
				CLANG_WARN_UNREACHABLE_CODE = YES;
				CLANG_WARN__DUPLICATE_METHOD_MATCH = YES;
				COPY_PHASE_STRIP = NO;
				DEBUG_INFORMATION_FORMAT = "dwarf-with-dsym";
				ENABLE_NS_ASSERTIONS = NO;
				ENABLE_STRICT_OBJC_MSGSEND = YES;
				GCC_C_LANGUAGE_STANDARD = gnu11;
				GCC_NO_COMMON_BLOCKS = YES;
				GCC_WARN_64_TO_32_BIT_CONVERSION = YES;
				GCC_WARN_ABOUT_RETURN_TYPE = YES_ERROR;
				GCC_WARN_UNDECLARED_SELECTOR = YES;
				GCC_WARN_UNINITIALIZED_AUTOS = YES_AGGRESSIVE;
				GCC_WARN_UNUSED_FUNCTION = YES;
				GCC_WARN_UNUSED_VARIABLE = YES;
				IPHONEOS_DEPLOYMENT_TARGET = 16.4;
				MTL_ENABLE_DEBUG_INFO = NO;
				MTL_FAST_MATH = YES;
				SDKROOT = iphoneos;
				SWIFT_COMPILATION_MODE = wholemodule;
				SWIFT_OPTIMIZATION_LEVEL = "-O";
				VALIDATE_PRODUCT = YES;
			};
			name = Release;
		};
		FEA29D772A19E74E006E9A2F /* Debug */ = {
			isa = XCBuildConfiguration;
			buildSettings = {
				ASSETCATALOG_COMPILER_APPICON_NAME = AppIcon;
				ASSETCATALOG_COMPILER_GLOBAL_ACCENT_COLOR_NAME = AccentColor;
				CODE_SIGN_STYLE = Automatic;
				CURRENT_PROJECT_VERSION = 1;
				DEVELOPMENT_ASSET_PATHS = "\"TimeWise/Preview Content\"";
				DEVELOPMENT_TEAM = B9KV72B4BC;
				ENABLE_PREVIEWS = YES;
				GENERATE_INFOPLIST_FILE = YES;
				INFOPLIST_KEY_UIApplicationSceneManifest_Generation = YES;
				INFOPLIST_KEY_UIApplicationSupportsIndirectInputEvents = YES;
				INFOPLIST_KEY_UILaunchScreen_Generation = YES;
				INFOPLIST_KEY_UISupportedInterfaceOrientations_iPad = "UIInterfaceOrientationPortrait UIInterfaceOrientationPortraitUpsideDown UIInterfaceOrientationLandscapeLeft UIInterfaceOrientationLandscapeRight";
				INFOPLIST_KEY_UISupportedInterfaceOrientations_iPhone = "UIInterfaceOrientationPortrait UIInterfaceOrientationLandscapeLeft UIInterfaceOrientationLandscapeRight";
				LD_RUNPATH_SEARCH_PATHS = (
					"$(inherited)",
					"@executable_path/Frameworks",
				);
				MARKETING_VERSION = 1.0;
				PRODUCT_BUNDLE_IDENTIFIER = com.dangodot.TimeWise;
				PRODUCT_NAME = "$(TARGET_NAME)";
				SUPPORTED_PLATFORMS = "iphoneos iphonesimulator";
				SUPPORTS_MACCATALYST = NO;
				SUPPORTS_MAC_DESIGNED_FOR_IPHONE_IPAD = YES;
				SWIFT_EMIT_LOC_STRINGS = YES;
				SWIFT_VERSION = 5.0;
				TARGETED_DEVICE_FAMILY = "1,2";
			};
			name = Debug;
		};
		FEA29D782A19E74E006E9A2F /* Release */ = {
			isa = XCBuildConfiguration;
			buildSettings = {
				ASSETCATALOG_COMPILER_APPICON_NAME = AppIcon;
				ASSETCATALOG_COMPILER_GLOBAL_ACCENT_COLOR_NAME = AccentColor;
				CODE_SIGN_STYLE = Automatic;
				CURRENT_PROJECT_VERSION = 1;
				DEVELOPMENT_ASSET_PATHS = "\"TimeWise/Preview Content\"";
				DEVELOPMENT_TEAM = B9KV72B4BC;
				ENABLE_PREVIEWS = YES;
				GENERATE_INFOPLIST_FILE = YES;
				INFOPLIST_KEY_UIApplicationSceneManifest_Generation = YES;
				INFOPLIST_KEY_UIApplicationSupportsIndirectInputEvents = YES;
				INFOPLIST_KEY_UILaunchScreen_Generation = YES;
				INFOPLIST_KEY_UISupportedInterfaceOrientations_iPad = "UIInterfaceOrientationPortrait UIInterfaceOrientationPortraitUpsideDown UIInterfaceOrientationLandscapeLeft UIInterfaceOrientationLandscapeRight";
				INFOPLIST_KEY_UISupportedInterfaceOrientations_iPhone = "UIInterfaceOrientationPortrait UIInterfaceOrientationLandscapeLeft UIInterfaceOrientationLandscapeRight";
				LD_RUNPATH_SEARCH_PATHS = (
					"$(inherited)",
					"@executable_path/Frameworks",
				);
				MARKETING_VERSION = 1.0;
				PRODUCT_BUNDLE_IDENTIFIER = com.dangodot.TimeWise;
				PRODUCT_NAME = "$(TARGET_NAME)";
				SUPPORTED_PLATFORMS = "iphoneos iphonesimulator";
				SUPPORTS_MACCATALYST = NO;
				SUPPORTS_MAC_DESIGNED_FOR_IPHONE_IPAD = YES;
				SWIFT_EMIT_LOC_STRINGS = YES;
				SWIFT_VERSION = 5.0;
				TARGETED_DEVICE_FAMILY = "1,2";
			};
			name = Release;
		};
/* End XCBuildConfiguration section */

/* Begin XCConfigurationList section */
		FEA29D5D2A19E74B006E9A2F /* Build configuration list for PBXProject "TimeWise" */ = {
			isa = XCConfigurationList;
			buildConfigurations = (
				FEA29D742A19E74E006E9A2F /* Debug */,
				FEA29D752A19E74E006E9A2F /* Release */,
			);
			defaultConfigurationIsVisible = 0;
			defaultConfigurationName = Release;
		};
		FEA29D762A19E74E006E9A2F /* Build configuration list for PBXNativeTarget "TimeWise" */ = {
			isa = XCConfigurationList;
			buildConfigurations = (
				FEA29D772A19E74E006E9A2F /* Debug */,
				FEA29D782A19E74E006E9A2F /* Release */,
			);
			defaultConfigurationIsVisible = 0;
			defaultConfigurationName = Release;
		};
/* End XCConfigurationList section */

/* Begin XCRemoteSwiftPackageReference section */
		FEA29DA32A19EBB0006E9A2F /* XCRemoteSwiftPackageReference "firebase-ios-sdk" */ = {
			isa = XCRemoteSwiftPackageReference;
			repositoryURL = "https://github.com/firebase/firebase-ios-sdk";
			requirement = {
				kind = upToNextMajorVersion;
				minimumVersion = 10.0.0;
			};
		};
/* End XCRemoteSwiftPackageReference section */

/* Begin XCSwiftPackageProductDependency section */
		FE80AA3F2A1FC83E00592257 /* FirebaseFirestore */ = {
			isa = XCSwiftPackageProductDependency;
			package = FEA29DA32A19EBB0006E9A2F /* XCRemoteSwiftPackageReference "firebase-ios-sdk" */;
			productName = FirebaseFirestore;
		};
		FEA29DA42A19EBB0006E9A2F /* FirebaseAnalytics */ = {
			isa = XCSwiftPackageProductDependency;
			package = FEA29DA32A19EBB0006E9A2F /* XCRemoteSwiftPackageReference "firebase-ios-sdk" */;
			productName = FirebaseAnalytics;
		};
		FEA29DA62A19EBB0006E9A2F /* FirebaseAuth */ = {
			isa = XCSwiftPackageProductDependency;
			package = FEA29DA32A19EBB0006E9A2F /* XCRemoteSwiftPackageReference "firebase-ios-sdk" */;
			productName = FirebaseAuth;
		};
		FEA29DA82A19EBB0006E9A2F /* FirebaseDatabase */ = {
			isa = XCSwiftPackageProductDependency;
			package = FEA29DA32A19EBB0006E9A2F /* XCRemoteSwiftPackageReference "firebase-ios-sdk" */;
			productName = FirebaseDatabase;
		};
		FEA29DAA2A19EBB0006E9A2F /* FirebaseDatabaseSwift */ = {
			isa = XCSwiftPackageProductDependency;
			package = FEA29DA32A19EBB0006E9A2F /* XCRemoteSwiftPackageReference "firebase-ios-sdk" */;
			productName = FirebaseDatabaseSwift;
		};
		FEA29DAC2A19EBB0006E9A2F /* FirebaseStorage */ = {
			isa = XCSwiftPackageProductDependency;
			package = FEA29DA32A19EBB0006E9A2F /* XCRemoteSwiftPackageReference "firebase-ios-sdk" */;
			productName = FirebaseStorage;
		};
/* End XCSwiftPackageProductDependency section */

/* Begin XCVersionGroup section */
		FEA29D702A19E74E006E9A2F /* TimeWise.xcdatamodeld */ = {
			isa = XCVersionGroup;
			children = (
				FEA29D712A19E74E006E9A2F /* TimeWise.xcdatamodel */,
			);
			currentVersion = FEA29D712A19E74E006E9A2F /* TimeWise.xcdatamodel */;
			path = TimeWise.xcdatamodeld;
			sourceTree = "<group>";
			versionGroupType = wrapper.xcdatamodel;
		};
/* End XCVersionGroup section */
	};
	rootObject = FEA29D5A2A19E74B006E9A2F /* Project object */;
}
